// !$*UTF8*$!
{
	archiveVersion = 1;
	classes = {
	};
	objectVersion = 50;
	objects = {

/* Begin PBXBuildFile section */
		AD6C8BC72331436500C3804E /* bai2.c in Sources */ = {isa = PBXBuildFile; fileRef = AD6C8BC62331436500C3804E /* bai2.c */; };
		AD6C8BC92331446800C3804E /* bai4.c in Sources */ = {isa = PBXBuildFile; fileRef = AD6C8BC82331446800C3804E /* bai4.c */; };
		AD947F7523311C67008994B8 /* bai1.c in Sources */ = {isa = PBXBuildFile; fileRef = AD947F7423311C67008994B8 /* bai1.c */; };
		FA36B0D62332138F00450A69 /* bai7.c in Sources */ = {isa = PBXBuildFile; fileRef = FA36B0D52332138F00450A69 /* bai7.c */; };
		FA4A8B7E2331E81900D83857 /* bai5.c in Sources */ = {isa = PBXBuildFile; fileRef = FA4A8B7D2331E81900D83857 /* bai5.c */; };
		FA4A8B802331EB7500D83857 /* bai6.c in Sources */ = {isa = PBXBuildFile; fileRef = FA4A8B7F2331EB7500D83857 /* bai6.c */; };
/* End PBXBuildFile section */

/* Begin PBXCopyFilesBuildPhase section */
		AD947F6F23311C67008994B8 /* CopyFiles */ = {
			isa = PBXCopyFilesBuildPhase;
			buildActionMask = 2147483647;
			dstPath = /usr/share/man/man1/;
			dstSubfolderSpec = 0;
			files = (
			);
			runOnlyForDeploymentPostprocessing = 1;
		};
/* End PBXCopyFilesBuildPhase section */

/* Begin PBXFileReference section */
		AD6C8BC62331436500C3804E /* bai2.c */ = {isa = PBXFileReference; lastKnownFileType = sourcecode.c.c; path = bai2.c; sourceTree = "<group>"; };
		AD6C8BC82331446800C3804E /* bai4.c */ = {isa = PBXFileReference; lastKnownFileType = sourcecode.c.c; path = bai4.c; sourceTree = "<group>"; };
		AD947F7123311C67008994B8 /* baitap */ = {isa = PBXFileReference; explicitFileType = "compiled.mach-o.executable"; includeInIndex = 0; path = baitap; sourceTree = BUILT_PRODUCTS_DIR; };
		AD947F7423311C67008994B8 /* bai1.c */ = {isa = PBXFileReference; lastKnownFileType = sourcecode.c.c; path = bai1.c; sourceTree = "<group>"; };
		FA36B0D52332138F00450A69 /* bai7.c */ = {isa = PBXFileReference; lastKnownFileType = sourcecode.c.c; path = bai7.c; sourceTree = "<group>"; };
		FA4A8B7D2331E81900D83857 /* bai5.c */ = {isa = PBXFileReference; fileEncoding = 4; lastKnownFileType = sourcecode.c.c; path = bai5.c; sourceTree = "<group>"; };
		FA4A8B7F2331EB7500D83857 /* bai6.c */ = {isa = PBXFileReference; lastKnownFileType = sourcecode.c.c; path = bai6.c; sourceTree = "<group>"; };
/* End PBXFileReference section */

/* Begin PBXFrameworksBuildPhase section */
		AD947F6E23311C67008994B8 /* Frameworks */ = {
			isa = PBXFrameworksBuildPhase;
			buildActionMask = 2147483647;
			files = (
			);
			runOnlyForDeploymentPostprocessing = 0;
		};
/* End PBXFrameworksBuildPhase section */

/* Begin PBXGroup section */
		AD947F6823311C67008994B8 = {
			isa = PBXGroup;
			children = (
				AD947F7323311C67008994B8 /* baitap */,
				AD947F7223311C67008994B8 /* Products */,
			);
			sourceTree = "<group>";
		};
		AD947F7223311C67008994B8 /* Products */ = {
			isa = PBXGroup;
			children = (
				AD947F7123311C67008994B8 /* baitap */,
			);
			name = Products;
			sourceTree = "<group>";
		};
		AD947F7323311C67008994B8 /* baitap */ = {
			isa = PBXGroup;
			children = (
				AD947F7423311C67008994B8 /* bai1.c */,
				AD6C8BC62331436500C3804E /* bai2.c */,
				AD6C8BC82331446800C3804E /* bai4.c */,
				FA4A8B7D2331E81900D83857 /* bai5.c */,
				FA4A8B7F2331EB7500D83857 /* bai6.c */,
				FA36B0D52332138F00450A69 /* bai7.c */,
			);
			path = baitap;
			sourceTree = "<group>";
		};
/* End PBXGroup section */

/* Begin PBXNativeTarget section */
		AD947F7023311C67008994B8 /* baitap */ = {
			isa = PBXNativeTarget;
			buildConfigurationList = AD947F7823311C67008994B8 /* Build configuration list for PBXNativeTarget "baitap" */;
			buildPhases = (
				AD947F6D23311C67008994B8 /* Sources */,
				AD947F6E23311C67008994B8 /* Frameworks */,
				AD947F6F23311C67008994B8 /* CopyFiles */,
			);
			buildRules = (
			);
			dependencies = (
			);
			name = baitap;
			productName = baitap;
			productReference = AD947F7123311C67008994B8 /* baitap */;
			productType = "com.apple.product-type.tool";
		};
/* End PBXNativeTarget section */

/* Begin PBXProject section */
		AD947F6923311C67008994B8 /* Project object */ = {
			isa = PBXProject;
			attributes = {
				LastUpgradeCheck = 1030;
				ORGANIZATIONNAME = "Nguyen Duc Hoang";
				TargetAttributes = {
					AD947F7023311C67008994B8 = {
						CreatedOnToolsVersion = 10.3;
					};
				};
			};
			buildConfigurationList = AD947F6C23311C67008994B8 /* Build configuration list for PBXProject "baitap" */;
			compatibilityVersion = "Xcode 9.3";
			developmentRegion = en;
			hasScannedForEncodings = 0;
			knownRegions = (
				en,
			);
			mainGroup = AD947F6823311C67008994B8;
			productRefGroup = AD947F7223311C67008994B8 /* Products */;
			projectDirPath = "";
			projectRoot = "";
			targets = (
				AD947F7023311C67008994B8 /* baitap */,
			);
		};
/* End PBXProject section */

/* Begin PBXSourcesBuildPhase section */
		AD947F6D23311C67008994B8 /* Sources */ = {
			isa = PBXSourcesBuildPhase;
			buildActionMask = 2147483647;
			files = (
				FA4A8B802331EB7500D83857 /* bai6.c in Sources */,
				FA4A8B7E2331E81900D83857 /* bai5.c in Sources */,
				AD947F7523311C67008994B8 /* bai1.c in Sources */,
				AD6C8BC72331436500C3804E /* bai2.c in Sources */,
				FA36B0D62332138F00450A69 /* bai7.c in Sources */,
				AD6C8BC92331446800C3804E /* bai4.c in Sources */,
			);
			runOnlyForDeploymentPostprocessing = 0;
		};
/* End PBXSourcesBuildPhase section */

/* Begin XCBuildConfiguration section */
		AD947F7623311C67008994B8 /* Debug */ = {
			isa = XCBuildConfiguration;
			buildSettings = {
				ALWAYS_SEARCH_USER_PATHS = NO;
				CLANG_ANALYZER_NONNULL = YES;
				CLANG_ANALYZER_NUMBER_OBJECT_CONVERSION = YES_AGGRESSIVE;
				CLANG_CXX_LANGUAGE_STANDARD = "gnu++14";
				CLANG_CXX_LIBRARY = "libc++";
				CLANG_ENABLE_MODULES = YES;
				CLANG_ENABLE_OBJC_ARC = YES;
				CLANG_ENABLE_OBJC_WEAK = YES;
				CLANG_WARN_BLOCK_CAPTURE_AUTORELEASING = YES;
				CLANG_WARN_BOOL_CONVERSION = YES;
				CLANG_WARN_COMMA = YES;
				CLANG_WARN_CONSTANT_CONVERSION = YES;
				CLANG_WARN_DEPRECATED_OBJC_IMPLEMENTATIONS = YES;
				CLANG_WARN_DIRECT_OBJC_ISA_USAGE = YES_ERROR;
				CLANG_WARN_DOCUMENTATION_COMMENTS = YES;
				CLANG_WARN_EMPTY_BODY = YES;
				CLANG_WARN_ENUM_CONVERSION = YES;
				CLANG_WARN_INFINITE_RECURSION = YES;
				CLANG_WARN_INT_CONVERSION = YES;
				CLANG_WARN_NON_LITERAL_NULL_CONVERSION = YES;
				CLANG_WARN_OBJC_IMPLICIT_RETAIN_SELF = YES;
				CLANG_WARN_OBJC_LITERAL_CONVERSION = YES;
				CLANG_WARN_OBJC_ROOT_CLASS = YES_ERROR;
				CLANG_WARN_RANGE_LOOP_ANALYSIS = YES;
				CLANG_WARN_STRICT_PROTOTYPES = YES;
				CLANG_WARN_SUSPICIOUS_MOVE = YES;
				CLANG_WARN_UNGUARDED_AVAILABILITY = YES_AGGRESSIVE;
				CLANG_WARN_UNREACHABLE_CODE = YES;
				CLANG_WARN__DUPLICATE_METHOD_MATCH = YES;
				CODE_SIGN_IDENTITY = "-";
				COPY_PHASE_STRIP = NO;
				DEBUG_INFORMATION_FORMAT = dwarf;
				ENABLE_STRICT_OBJC_MSGSEND = YES;
				ENABLE_TESTABILITY = YES;
				GCC_C_LANGUAGE_STANDARD = gnu11;
				GCC_DYNAMIC_NO_PIC = NO;
				GCC_NO_COMMON_BLOCKS = YES;
				GCC_OPTIMIZATION_LEVEL = 0;
				GCC_PREPROCESSOR_DEFINITIONS = (
					"DEBUG=1",
					"$(inherited)",
				);
				GCC_WARN_64_TO_32_BIT_CONVERSION = YES;
				GCC_WARN_ABOUT_RETURN_TYPE = YES_ERROR;
				GCC_WARN_UNDECLARED_SELECTOR = YES;
				GCC_WARN_UNINITIALIZED_AUTOS = YES_AGGRESSIVE;
				GCC_WARN_UNUSED_FUNCTION = YES;
				GCC_WARN_UNUSED_VARIABLE = YES;
				MACOSX_DEPLOYMENT_TARGET = 10.14;
				MTL_ENABLE_DEBUG_INFO = INCLUDE_SOURCE;
				MTL_FAST_MATH = YES;
				ONLY_ACTIVE_ARCH = YES;
				SDKROOT = macosx;
			};
			name = Debug;
		};
		AD947F7723311C67008994B8 /* Release */ = {
			isa = XCBuildConfiguration;
			buildSettings = {
				ALWAYS_SEARCH_USER_PATHS = NO;
				CLANG_ANALYZER_NONNULL = YES;
				CLANG_ANALYZER_NUMBER_OBJECT_CONVERSION = YES_AGGRESSIVE;
				CLANG_CXX_LANGUAGE_STANDARD = "gnu++14";
				CLANG_CXX_LIBRARY = "libc++";
				CLANG_ENABLE_MODULES = YES;
				CLANG_ENABLE_OBJC_ARC = YES;
				CLANG_ENABLE_OBJC_WEAK = YES;
				CLANG_WARN_BLOCK_CAPTURE_AUTORELEASING = YES;
				CLANG_WARN_BOOL_CONVERSION = YES;
				CLANG_WARN_COMMA = YES;
				CLANG_WARN_CONSTANT_CONVERSION = YES;
				CLANG_WARN_DEPRECATED_OBJC_IMPLEMENTATIONS = YES;
				CLANG_WARN_DIRECT_OBJC_ISA_USAGE = YES_ERROR;
				CLANG_WARN_DOCUMENTATION_COMMENTS = YES;
				CLANG_WARN_EMPTY_BODY = YES;
				CLANG_WARN_ENUM_CONVERSION = YES;
				CLANG_WARN_INFINITE_RECURSION = YES;
				CLANG_WARN_INT_CONVERSION = YES;
				CLANG_WARN_NON_LITERAL_NULL_CONVERSION = YES;
				CLANG_WARN_OBJC_IMPLICIT_RETAIN_SELF = YES;
				CLANG_WARN_OBJC_LITERAL_CONVERSION = YES;
				CLANG_WARN_OBJC_ROOT_CLASS = YES_ERROR;
				CLANG_WARN_RANGE_LOOP_ANALYSIS = YES;
				CLANG_WARN_STRICT_PROTOTYPES = YES;
				CLANG_WARN_SUSPICIOUS_MOVE = YES;
				CLANG_WARN_UNGUARDED_AVAILABILITY = YES_AGGRESSIVE;
				CLANG_WARN_UNREACHABLE_CODE = YES;
				CLANG_WARN__DUPLICATE_METHOD_MATCH = YES;
				CODE_SIGN_IDENTITY = "-";
				COPY_PHASE_STRIP = NO;
				DEBUG_INFORMATION_FORMAT = "dwarf-with-dsym";
				ENABLE_NS_ASSERTIONS = NO;
				ENABLE_STRICT_OBJC_MSGSEND = YES;
				GCC_C_LANGUAGE_STANDARD = gnu11;
				GCC_NO_COMMON_BLOCKS = YES;
				GCC_WARN_64_TO_32_BIT_CONVERSION = YES;
				GCC_WARN_ABOUT_RETURN_TYPE = YES_ERROR;
				GCC_WARN_UNDECLARED_SELECTOR = YES;
				GCC_WARN_UNINITIALIZED_AUTOS = YES_AGGRESSIVE;
				GCC_WARN_UNUSED_FUNCTION = YES;
				GCC_WARN_UNUSED_VARIABLE = YES;
				MACOSX_DEPLOYMENT_TARGET = 10.14;
				MTL_ENABLE_DEBUG_INFO = NO;
				MTL_FAST_MATH = YES;
				SDKROOT = macosx;
			};
			name = Release;
		};
		AD947F7923311C67008994B8 /* Debug */ = {
			isa = XCBuildConfiguration;
			buildSettings = {
				CODE_SIGN_STYLE = Automatic;
				PRODUCT_NAME = "$(TARGET_NAME)";
			};
			name = Debug;
		};
		AD947F7A23311C67008994B8 /* Release */ = {
			isa = XCBuildConfiguration;
			buildSettings = {
				CODE_SIGN_STYLE = Automatic;
				PRODUCT_NAME = "$(TARGET_NAME)";
			};
			name = Release;
		};
/* End XCBuildConfiguration section */

/* Begin XCConfigurationList section */
		AD947F6C23311C67008994B8 /* Build configuration list for PBXProject "baitap" */ = {
			isa = XCConfigurationList;
			buildConfigurations = (
				AD947F7623311C67008994B8 /* Debug */,
				AD947F7723311C67008994B8 /* Release */,
			);
			defaultConfigurationIsVisible = 0;
			defaultConfigurationName = Release;
		};
		AD947F7823311C67008994B8 /* Build configuration list for PBXNativeTarget "baitap" */ = {
			isa = XCConfigurationList;
			buildConfigurations = (
				AD947F7923311C67008994B8 /* Debug */,
				AD947F7A23311C67008994B8 /* Release */,
			);
			defaultConfigurationIsVisible = 0;
			defaultConfigurationName = Release;
		};
/* End XCConfigurationList section */
	};
	rootObject = AD947F6923311C67008994B8 /* Project object */;
}
