// !$*UTF8*$!
{
	archiveVersion = 1;
	classes = {
	};
	objectVersion = 50;
	objects = {

/* Begin PBXBuildFile section */
		AD6455C8232EF18A00C7811F /* bai1.c in Sources */ = {isa = PBXBuildFile; fileRef = AD6455C7232EF18A00C7811F /* bai1.c */; };
		AD6455CF232EF1CA00C7811F /* bai2.c in Sources */ = {isa = PBXBuildFile; fileRef = AD6455CE232EF1CA00C7811F /* bai2.c */; };
		AD6455D1232EF63C00C7811F /* bai3.c in Sources */ = {isa = PBXBuildFile; fileRef = AD6455D0232EF63C00C7811F /* bai3.c */; };
		AD6455D4232EFA0300C7811F /* bai4.c in Sources */ = {isa = PBXBuildFile; fileRef = AD6455D2232EFA0300C7811F /* bai4.c */; };
/* End PBXBuildFile section */

/* Begin PBXCopyFilesBuildPhase section */
		AD6455C2232EF18A00C7811F /* CopyFiles */ = {
			isa = PBXCopyFilesBuildPhase;
			buildActionMask = 2147483647;
			dstPath = /usr/share/man/man1/;
			dstSubfolderSpec = 0;
			files = (
			);
			runOnlyForDeploymentPostprocessing = 1;
		};
/* End PBXCopyFilesBuildPhase section */

/* Begin PBXFileReference section */
		AD6455C4232EF18A00C7811F /* baitap */ = {isa = PBXFileReference; explicitFileType = "compiled.mach-o.executable"; includeInIndex = 0; path = baitap; sourceTree = BUILT_PRODUCTS_DIR; };
		AD6455C7232EF18A00C7811F /* bai1.c */ = {isa = PBXFileReference; lastKnownFileType = sourcecode.c.c; path = bai1.c; sourceTree = "<group>"; };
		AD6455CE232EF1CA00C7811F /* bai2.c */ = {isa = PBXFileReference; lastKnownFileType = sourcecode.c.c; path = bai2.c; sourceTree = "<group>"; };
		AD6455D0232EF63C00C7811F /* bai3.c */ = {isa = PBXFileReference; lastKnownFileType = sourcecode.c.c; path = bai3.c; sourceTree = "<group>"; };
		AD6455D2232EFA0300C7811F /* bai4.c */ = {isa = PBXFileReference; lastKnownFileType = sourcecode.c.c; path = bai4.c; sourceTree = "<group>"; };
/* End PBXFileReference section */

/* Begin PBXFrameworksBuildPhase section */
		AD6455C1232EF18A00C7811F /* Frameworks */ = {
			isa = PBXFrameworksBuildPhase;
			buildActionMask = 2147483647;
			files = (
			);
			runOnlyForDeploymentPostprocessing = 0;
		};
/* End PBXFrameworksBuildPhase section */

/* Begin PBXGroup section */
		AD6455BB232EF18A00C7811F = {
			isa = PBXGroup;
			children = (
				AD6455C6232EF18A00C7811F /* baitap */,
				AD6455C5232EF18A00C7811F /* Products */,
			);
			sourceTree = "<group>";
		};
		AD6455C5232EF18A00C7811F /* Products */ = {
			isa = PBXGroup;
			children = (
				AD6455C4232EF18A00C7811F /* baitap */,
			);
			name = Products;
			sourceTree = "<group>";
		};
		AD6455C6232EF18A00C7811F /* baitap */ = {
			isa = PBXGroup;
			children = (
				AD6455C7232EF18A00C7811F /* bai1.c */,
				AD6455CE232EF1CA00C7811F /* bai2.c */,
				AD6455D0232EF63C00C7811F /* bai3.c */,
				AD6455D2232EFA0300C7811F /* bai4.c */,
			);
			path = baitap;
			sourceTree = "<group>";
		};
/* End PBXGroup section */

/* Begin PBXNativeTarget section */
		AD6455C3232EF18A00C7811F /* baitap */ = {
			isa = PBXNativeTarget;
			buildConfigurationList = AD6455CB232EF18A00C7811F /* Build configuration list for PBXNativeTarget "baitap" */;
			buildPhases = (
				AD6455C0232EF18A00C7811F /* Sources */,
				AD6455C1232EF18A00C7811F /* Frameworks */,
				AD6455C2232EF18A00C7811F /* CopyFiles */,
			);
			buildRules = (
			);
			dependencies = (
			);
			name = baitap;
			productName = baitap;
			productReference = AD6455C4232EF18A00C7811F /* baitap */;
			productType = "com.apple.product-type.tool";
		};
/* End PBXNativeTarget section */

/* Begin PBXProject section */
		AD6455BC232EF18A00C7811F /* Project object */ = {
			isa = PBXProject;
			attributes = {
				LastUpgradeCheck = 1030;
				ORGANIZATIONNAME = "Nguyen Duc Hoang";
				TargetAttributes = {
					AD6455C3232EF18A00C7811F = {
						CreatedOnToolsVersion = 10.3;
					};
				};
			};
			buildConfigurationList = AD6455BF232EF18A00C7811F /* Build configuration list for PBXProject "baitap" */;
			compatibilityVersion = "Xcode 9.3";
			developmentRegion = en;
			hasScannedForEncodings = 0;
			knownRegions = (
				en,
			);
			mainGroup = AD6455BB232EF18A00C7811F;
			productRefGroup = AD6455C5232EF18A00C7811F /* Products */;
			projectDirPath = "";
			projectRoot = "";
			targets = (
				AD6455C3232EF18A00C7811F /* baitap */,
			);
		};
/* End PBXProject section */

/* Begin PBXSourcesBuildPhase section */
		AD6455C0232EF18A00C7811F /* Sources */ = {
			isa = PBXSourcesBuildPhase;
			buildActionMask = 2147483647;
			files = (
				AD6455C8232EF18A00C7811F /* bai1.c in Sources */,
				AD6455CF232EF1CA00C7811F /* bai2.c in Sources */,
				AD6455D1232EF63C00C7811F /* bai3.c in Sources */,
				AD6455D4232EFA0300C7811F /* bai4.c in Sources */,
			);
			runOnlyForDeploymentPostprocessing = 0;
		};
/* End PBXSourcesBuildPhase section */

/* Begin XCBuildConfiguration section */
		AD6455C9232EF18A00C7811F /* Debug */ = {
			isa = XCBuildConfiguration;
			buildSettings = {
				ALWAYS_SEARCH_USER_PATHS = NO;
				CLANG_ANALYZER_NONNULL = YES;
				CLANG_ANALYZER_NUMBER_OBJECT_CONVERSION = YES_AGGRESSIVE;
				CLANG_CXX_LANGUAGE_STANDARD = "gnu++14";
				CLANG_CXX_LIBRARY = "libc++";
				CLANG_ENABLE_MODULES = YES;
				CLANG_ENABLE_OBJC_ARC = YES;
				CLANG_ENABLE_OBJC_WEAK = YES;
				CLANG_WARN_BLOCK_CAPTURE_AUTORELEASING = YES;
				CLANG_WARN_BOOL_CONVERSION = YES;
				CLANG_WARN_COMMA = YES;
				CLANG_WARN_CONSTANT_CONVERSION = YES;
				CLANG_WARN_DEPRECATED_OBJC_IMPLEMENTATIONS = YES;
				CLANG_WARN_DIRECT_OBJC_ISA_USAGE = YES_ERROR;
				CLANG_WARN_DOCUMENTATION_COMMENTS = YES;
				CLANG_WARN_EMPTY_BODY = YES;
				CLANG_WARN_ENUM_CONVERSION = YES;
				CLANG_WARN_INFINITE_RECURSION = YES;
				CLANG_WARN_INT_CONVERSION = YES;
				CLANG_WARN_NON_LITERAL_NULL_CONVERSION = YES;
				CLANG_WARN_OBJC_IMPLICIT_RETAIN_SELF = YES;
				CLANG_WARN_OBJC_LITERAL_CONVERSION = YES;
				CLANG_WARN_OBJC_ROOT_CLASS = YES_ERROR;
				CLANG_WARN_RANGE_LOOP_ANALYSIS = YES;
				CLANG_WARN_STRICT_PROTOTYPES = YES;
				CLANG_WARN_SUSPICIOUS_MOVE = YES;
				CLANG_WARN_UNGUARDED_AVAILABILITY = YES_AGGRESSIVE;
				CLANG_WARN_UNREACHABLE_CODE = YES;
				CLANG_WARN__DUPLICATE_METHOD_MATCH = YES;
				CODE_SIGN_IDENTITY = "-";
				COPY_PHASE_STRIP = NO;
				DEBUG_INFORMATION_FORMAT = dwarf;
				ENABLE_STRICT_OBJC_MSGSEND = YES;
				ENABLE_TESTABILITY = YES;
				GCC_C_LANGUAGE_STANDARD = gnu11;
				GCC_DYNAMIC_NO_PIC = NO;
				GCC_NO_COMMON_BLOCKS = YES;
				GCC_OPTIMIZATION_LEVEL = 0;
				GCC_PREPROCESSOR_DEFINITIONS = (
					"DEBUG=1",
					"$(inherited)",
				);
				GCC_WARN_64_TO_32_BIT_CONVERSION = YES;
				GCC_WARN_ABOUT_RETURN_TYPE = YES_ERROR;
				GCC_WARN_UNDECLARED_SELECTOR = YES;
				GCC_WARN_UNINITIALIZED_AUTOS = YES_AGGRESSIVE;
				GCC_WARN_UNUSED_FUNCTION = YES;
				GCC_WARN_UNUSED_VARIABLE = YES;
				MACOSX_DEPLOYMENT_TARGET = 10.14;
				MTL_ENABLE_DEBUG_INFO = INCLUDE_SOURCE;
				MTL_FAST_MATH = YES;
				ONLY_ACTIVE_ARCH = YES;
				SDKROOT = macosx;
			};
			name = Debug;
		};
		AD6455CA232EF18A00C7811F /* Release */ = {
			isa = XCBuildConfiguration;
			buildSettings = {
				ALWAYS_SEARCH_USER_PATHS = NO;
				CLANG_ANALYZER_NONNULL = YES;
				CLANG_ANALYZER_NUMBER_OBJECT_CONVERSION = YES_AGGRESSIVE;
				CLANG_CXX_LANGUAGE_STANDARD = "gnu++14";
				CLANG_CXX_LIBRARY = "libc++";
				CLANG_ENABLE_MODULES = YES;
				CLANG_ENABLE_OBJC_ARC = YES;
				CLANG_ENABLE_OBJC_WEAK = YES;
				CLANG_WARN_BLOCK_CAPTURE_AUTORELEASING = YES;
				CLANG_WARN_BOOL_CONVERSION = YES;
				CLANG_WARN_COMMA = YES;
				CLANG_WARN_CONSTANT_CONVERSION = YES;
				CLANG_WARN_DEPRECATED_OBJC_IMPLEMENTATIONS = YES;
				CLANG_WARN_DIRECT_OBJC_ISA_USAGE = YES_ERROR;
				CLANG_WARN_DOCUMENTATION_COMMENTS = YES;
				CLANG_WARN_EMPTY_BODY = YES;
				CLANG_WARN_ENUM_CONVERSION = YES;
				CLANG_WARN_INFINITE_RECURSION = YES;
				CLANG_WARN_INT_CONVERSION = YES;
				CLANG_WARN_NON_LITERAL_NULL_CONVERSION = YES;
				CLANG_WARN_OBJC_IMPLICIT_RETAIN_SELF = YES;
				CLANG_WARN_OBJC_LITERAL_CONVERSION = YES;
				CLANG_WARN_OBJC_ROOT_CLASS = YES_ERROR;
				CLANG_WARN_RANGE_LOOP_ANALYSIS = YES;
				CLANG_WARN_STRICT_PROTOTYPES = YES;
				CLANG_WARN_SUSPICIOUS_MOVE = YES;
				CLANG_WARN_UNGUARDED_AVAILABILITY = YES_AGGRESSIVE;
				CLANG_WARN_UNREACHABLE_CODE = YES;
				CLANG_WARN__DUPLICATE_METHOD_MATCH = YES;
				CODE_SIGN_IDENTITY = "-";
				COPY_PHASE_STRIP = NO;
				DEBUG_INFORMATION_FORMAT = "dwarf-with-dsym";
				ENABLE_NS_ASSERTIONS = NO;
				ENABLE_STRICT_OBJC_MSGSEND = YES;
				GCC_C_LANGUAGE_STANDARD = gnu11;
				GCC_NO_COMMON_BLOCKS = YES;
				GCC_WARN_64_TO_32_BIT_CONVERSION = YES;
				GCC_WARN_ABOUT_RETURN_TYPE = YES_ERROR;
				GCC_WARN_UNDECLARED_SELECTOR = YES;
				GCC_WARN_UNINITIALIZED_AUTOS = YES_AGGRESSIVE;
				GCC_WARN_UNUSED_FUNCTION = YES;
				GCC_WARN_UNUSED_VARIABLE = YES;
				MACOSX_DEPLOYMENT_TARGET = 10.14;
				MTL_ENABLE_DEBUG_INFO = NO;
				MTL_FAST_MATH = YES;
				SDKROOT = macosx;
			};
			name = Release;
		};
		AD6455CC232EF18A00C7811F /* Debug */ = {
			isa = XCBuildConfiguration;
			buildSettings = {
				CODE_SIGN_STYLE = Automatic;
				PRODUCT_NAME = "$(TARGET_NAME)";
			};
			name = Debug;
		};
		AD6455CD232EF18A00C7811F /* Release */ = {
			isa = XCBuildConfiguration;
			buildSettings = {
				CODE_SIGN_STYLE = Automatic;
				PRODUCT_NAME = "$(TARGET_NAME)";
			};
			name = Release;
		};
/* End XCBuildConfiguration section */

/* Begin XCConfigurationList section */
		AD6455BF232EF18A00C7811F /* Build configuration list for PBXProject "baitap" */ = {
			isa = XCConfigurationList;
			buildConfigurations = (
				AD6455C9232EF18A00C7811F /* Debug */,
				AD6455CA232EF18A00C7811F /* Release */,
			);
			defaultConfigurationIsVisible = 0;
			defaultConfigurationName = Release;
		};
		AD6455CB232EF18A00C7811F /* Build configuration list for PBXNativeTarget "baitap" */ = {
			isa = XCConfigurationList;
			buildConfigurations = (
				AD6455CC232EF18A00C7811F /* Debug */,
				AD6455CD232EF18A00C7811F /* Release */,
			);
			defaultConfigurationIsVisible = 0;
			defaultConfigurationName = Release;
		};
/* End XCConfigurationList section */
	};
	rootObject = AD6455BC232EF18A00C7811F /* Project object */;
}
